
Microsoft Visual Studio Solution File, Format Version 12.00
Project("{FAE04EC0-301F-11D3-BF4B-00C04F79EFBC}") = "FinalProjApi", "FinalProjApi\FinalProjApi.csproj", "{75AFE324-0CAB-4F27-9404-A8523FE005EF}"
EndProject
Project("{2150E333-8FDC-42A3-9474-1A3956D46DE8}") = "Infrastructure", "Infrastructure", "{45E71A5B-D7E8-4536-928C-5B0CDFF84341}"
EndProject
Project("{FAE04EC0-301F-11D3-BF4B-00C04F79EFBC}") = "Infrastructure.Data", "Infrastructure.Data\Infrastructure.Data.csproj", "{C349AD80-64DE-44D0-BA1C-9EBF156EF36D}"
EndProject
Global
	GlobalSection(SolutionConfigurationPlatforms) = preSolution
		Debug|Any CPU = Debug|Any CPU
		Release|Any CPU = Release|Any CPU
	EndGlobalSection
	GlobalSection(ProjectConfigurationPlatforms) = postSolution
		{75AFE324-0CAB-4F27-9404-A8523FE005EF}.Debug|Any CPU.ActiveCfg = Debug|Any CPU
		{75AFE324-0CAB-4F27-9404-A8523FE005EF}.Debug|Any CPU.Build.0 = Debug|Any CPU
		{75AFE324-0CAB-4F27-9404-A8523FE005EF}.Release|Any CPU.ActiveCfg = Release|Any CPU
		{75AFE324-0CAB-4F27-9404-A8523FE005EF}.Release|Any CPU.Build.0 = Release|Any CPU
		{C349AD80-64DE-44D0-BA1C-9EBF156EF36D}.Debug|Any CPU.ActiveCfg = Debug|Any CPU
		{C349AD80-64DE-44D0-BA1C-9EBF156EF36D}.Debug|Any CPU.Build.0 = Debug|Any CPU
		{C349AD80-64DE-44D0-BA1C-9EBF156EF36D}.Release|Any CPU.ActiveCfg = Release|Any CPU
		{C349AD80-64DE-44D0-BA1C-9EBF156EF36D}.Release|Any CPU.Build.0 = Release|Any CPU
	EndGlobalSection
	GlobalSection(NestedProjects) = preSolution
		{C349AD80-64DE-44D0-BA1C-9EBF156EF36D} = {45E71A5B-D7E8-4536-928C-5B0CDFF84341}
	EndGlobalSection
EndGlobal
